Microsoft Visual Studio Solution File, Format Version 12.00
# Visual Studio Version 17
VisualStudioVersion = 17.8.34511.84
MinimumVisualStudioVersion = 10.0.40219.1
Project("{FAE04EC0-301F-11D3-BF4B-00C04F79EFBC}") = "AlignTags", "AlignTags\AlignTags.csproj", "{E9771957-3D61-47A6-89F7-1DAC0AF8928B}"
EndProject
Project("{FAE04EC0-301F-11D3-BF4B-00C04F79EFBC}") = "Beams_RCD", "Beams_RCD\Beams_RCD.csproj", "{95F6C09B-554F-4E2F-8629-6626018D8D9A}"
	ProjectSection(ProjectDependencies) = postProject
		{CC368EBA-1952-49B5-836E-35585CFA437C} = {CC368EBA-1952-49B5-836E-35585CFA437C}
	EndProjectSection
EndProject
Project("{FAE04EC0-301F-11D3-BF4B-00C04F79EFBC}") = "ClashesViewsCreator", "ClashesViewsCreator\ClashesViewsCreator.csproj", "{80C4C82F-08FB-492E-A886-6A3F761EE68D}"
EndProject
Project("{FAE04EC0-301F-11D3-BF4B-00C04F79EFBC}") = "ChangeDimensionColors", "ChangeDimensionColors\ChangeDimensionColors.csproj", "{755C27F2-16E8-4FBC-9603-FA135AD58496}"
EndProject
Project("{FAE04EC0-301F-11D3-BF4B-00C04F79EFBC}") = "SplitWalls", "SplitWalls\SplitWalls.csproj", "{4802D003-D157-4D19-A11F-7D015202B2B9}"
EndProject
Project("{FAE04EC0-301F-11D3-BF4B-00C04F79EFBC}") = "CopyOpening", "CopyOpening\CopyOpening.csproj", "{5D628224-FF56-4B1F-85EB-F8F93D49CFBC}"
EndProject
Project("{FAE04EC0-301F-11D3-BF4B-00C04F79EFBC}") = "GetElementRoom", "GetElementRoom\GetElementRoom.csproj", "{0C6D3F5E-57F6-4EC0-B767-F69343AEB42F}"
EndProject
Project("{FAE04EC0-301F-11D3-BF4B-00C04F79EFBC}") = "ModelHealthChecker", "ModelHealthChecker\ModelHealthChecker.csproj", "{83F3CEC4-B681-41C4-A9F1-ED20E8A076D5}"
EndProject
Project("{FAE04EC0-301F-11D3-BF4B-00C04F79EFBC}") = "FloorSlicer21", "FloorSlicer21\FloorSlicer21.csproj", "{052F6A27-8F45-4178-962D-CEB1A873BDBC}"
EndProject
Project("{FAE04EC0-301F-11D3-BF4B-00C04F79EFBC}") = "FloorSlicer22", "FloorSlicer22\FloorSlicer22.csproj", "{2F66613D-B74F-4159-8FD3-3A2C48C489D8}"
EndProject
Project("{FAE04EC0-301F-11D3-BF4B-00C04F79EFBC}") = "GridsDimension", "GridsDimension\GridsDimension.csproj", "{03865E68-95DD-42E5-889A-99D1B60523A8}"
EndProject
Project("{FAE04EC0-301F-11D3-BF4B-00C04F79EFBC}") = "CopyViews", "CopyViews\CopyViews.csproj", "{BAF44CAA-10D5-49D2-AC11-B95887660791}"
EndProject
Project("{FAE04EC0-301F-11D3-BF4B-00C04F79EFBC}") = "PasteViews", "PasteViews\PasteViews.csproj", "{DA045129-A703-4620-80C6-26D70BAB5CF6}"
EndProject
Project("{FAE04EC0-301F-11D3-BF4B-00C04F79EFBC}") = "PipesSupports", "PipesSupports\PipesSupports.csproj", "{9B9B670B-6EF6-4FF8-A301-F4CF7790048B}"
EndProject
Project("{FAE04EC0-301F-11D3-BF4B-00C04F79EFBC}") = "RenameSheets", "RenameSheets\RenameSheets.csproj", "{97D93E57-AC70-49D7-A792-9B6102A152A1}"
EndProject
Project("{FAE04EC0-301F-11D3-BF4B-00C04F79EFBC}") = "Warning_Solver", "Warning_Solver\Warning_Solver.csproj", "{EB4995B7-4E3B-4199-B303-359F27A9FEB2}"
EndProject
Project("{FAE04EC0-301F-11D3-BF4B-00C04F79EFBC}") = "Divide_Floors", "Divide_Floors\Divide_Floors.csproj", "{03D368EB-4679-419C-86C3-D7245886A300}"
EndProject
Project("{FAE04EC0-301F-11D3-BF4B-00C04F79EFBC}") = "COT", "COT\COT.csproj", "{A098AD8B-8129-4152-A8F9-E38C7352ADF2}"
EndProject
Project("{FAE04EC0-301F-11D3-BF4B-00C04F79EFBC}") = "HideWorksets", "HideWorksets\HideWorksets.csproj", "{F99618FA-0232-46CD-9C5E-D07670CD0942}"
EndProject
Project("{FAE04EC0-301F-11D3-BF4B-00C04F79EFBC}") = "IsolateWorkSet", "IsolateWorkSet\IsolateWorkSet.csproj", "{A292F405-7071-4735-A7D8-22C7B97C5BA9}"
EndProject
Project("{FAE04EC0-301F-11D3-BF4B-00C04F79EFBC}") = "SetActiveWorkSet", "SetActiveWorkSet\SetActiveWorkSet.csproj", "{0DDFB5DF-A577-4BA4-B083-6D0D79570FF9}"
EndProject
Project("{FAE04EC0-301F-11D3-BF4B-00C04F79EFBC}") = "SetElementWorkSet", "SetElementWorkSet\SetElementWorkSet.csproj", "{0F2EB3A4-36A6-48D7-BA22-A54CC004FD58}"
EndProject
Project("{FAE04EC0-301F-11D3-BF4B-00C04F79EFBC}") = "AlignCenter", "AlignCenter\AlignCenter.csproj", "{91B9EBBA-AEDA-4065-A530-8478769D5957}"
EndProject
Project("{FAE04EC0-301F-11D3-BF4B-00C04F79EFBC}") = "AutoLegend", "AutoLegend\AutoLegend.csproj", "{5C44B2EB-1588-4EC8-ABD8-00CBA90920FB}"
EndProject
Project("{FAE04EC0-301F-11D3-BF4B-00C04F79EFBC}") = "AutoTrim", "AutoTrim\AutoTrim.csproj", "{85E5A9D1-1E02-47BB-BECB-7CDDB15AA100}"
EndProject
Project("{FAE04EC0-301F-11D3-BF4B-00C04F79EFBC}") = "BOSP", "BOSP\BOSP.csproj", "{E8F5E6D4-3F63-4E4A-B163-D9CDBB13B8F4}"
EndProject
Project("{FAE04EC0-301F-11D3-BF4B-00C04F79EFBC}") = "LevelAlign", "LevelAlign\LevelAlign.csproj", "{D0CCA889-A462-4EF1-97FF-4888330A21F7}"
EndProject
Project("{FAE04EC0-301F-11D3-BF4B-00C04F79EFBC}") = "ParameterWizard", "ParameterWizard\ParameterWizard.csproj", "{81B5D262-14FD-4FEC-AAD6-DBB1D2CB949A}"
EndProject
Project("{FAE04EC0-301F-11D3-BF4B-00C04F79EFBC}") = "CableTrayHangers", "CableTrayHangers\CableTrayHangers.csproj", "{629C402F-787B-454F-B8E0-309E9D934810}"
EndProject
Project("{FAE04EC0-301F-11D3-BF4B-00C04F79EFBC}") = "MEP_Fabricator", "MEP_Fabricator\MEP_Fabricator.csproj", "{06C7D028-A939-4845-B6B0-ACE5E1E5A5DA}"
EndProject
Project("{FAE04EC0-301F-11D3-BF4B-00C04F79EFBC}") = "FamilyPlacer", "FamilyPlacer\FamilyPlacer.csproj", "{1B48053A-C936-470B-92EC-AF1CC282E872}"
EndProject
Project("{FAE04EC0-301F-11D3-BF4B-00C04F79EFBC}") = "Auth.UI", "Auth.UI\Auth.UI.csproj", "{BB4D8EA8-CA89-4B27-955E-ACD050203B39}"
EndProject
Project("{FAE04EC0-301F-11D3-BF4B-00C04F79EFBC}") = "Auth.UI.WPF", "Auth.UI.WPF\Auth.UI.WPF.csproj", "{B44E54E5-A226-4D43-BB84-C8CB1F075111}"
EndProject
Project("{FAE04EC0-301F-11D3-BF4B-00C04F79EFBC}") = "ViewsTransfer", "ViewsTransfer\ViewsTransfer.csproj", "{BF630196-7F61-49DE-8062-CBE6F78CC204}"
EndProject
Project("{FAE04EC0-301F-11D3-BF4B-00C04F79EFBC}") = "ActivateWorksets", "ActivateWorksets\ActivateWorksets.csproj", "{DACACF50-FCB7-4350-9C44-7F83D8BF3828}"
EndProject
Project("{FAE04EC0-301F-11D3-BF4B-00C04F79EFBC}") = "CableOverTray", "CableOverTray\CableOverTray.csproj", "{B558ABB2-FE4B-4C53-8ED3-FF02A9BE5E42}"
EndProject
Project("{FAE04EC0-301F-11D3-BF4B-00C04F79EFBC}") = "AuthService", "AuthService\AuthService.csproj", "{CC368EBA-1952-49B5-836E-35585CFA437C}"
EndProject
Global
	GlobalSection(SolutionConfigurationPlatforms) = preSolution
		R2020|Any CPU = R2020|Any CPU
		R2021|Any CPU = R2021|Any CPU
		R2022|Any CPU = R2022|Any CPU
		R2023|Any CPU = R2023|Any CPU
		R2024|Any CPU = R2024|Any CPU
	EndGlobalSection
	GlobalSection(ProjectConfigurationPlatforms) = postSolution
		{E9771957-3D61-47A6-89F7-1DAC0AF8928B}.R2020|Any CPU.ActiveCfg = R2020|Any CPU
		{E9771957-3D61-47A6-89F7-1DAC0AF8928B}.R2020|Any CPU.Build.0 = R2020|Any CPU
		{E9771957-3D61-47A6-89F7-1DAC0AF8928B}.R2021|Any CPU.ActiveCfg = R2021|Any CPU
		{E9771957-3D61-47A6-89F7-1DAC0AF8928B}.R2022|Any CPU.ActiveCfg = R2022|Any CPU
		{E9771957-3D61-47A6-89F7-1DAC0AF8928B}.R2023|Any CPU.ActiveCfg = R2023|Any CPU
		{E9771957-3D61-47A6-89F7-1DAC0AF8928B}.R2023|Any CPU.Build.0 = R2023|Any CPU
		{E9771957-3D61-47A6-89F7-1DAC0AF8928B}.R2024|Any CPU.ActiveCfg = R2024|Any CPU
		{95F6C09B-554F-4E2F-8629-6626018D8D9A}.R2020|Any CPU.ActiveCfg = R2020|Any CPU
		{95F6C09B-554F-4E2F-8629-6626018D8D9A}.R2021|Any CPU.ActiveCfg = R2021|Any CPU
		{95F6C09B-554F-4E2F-8629-6626018D8D9A}.R2022|Any CPU.ActiveCfg = R2022|Any CPU
		{95F6C09B-554F-4E2F-8629-6626018D8D9A}.R2023|Any CPU.ActiveCfg = R2023|Any CPU
		{95F6C09B-554F-4E2F-8629-6626018D8D9A}.R2024|Any CPU.ActiveCfg = R2024|Any CPU
		{80C4C82F-08FB-492E-A886-6A3F761EE68D}.R2020|Any CPU.ActiveCfg = R2020|Any CPU
		{80C4C82F-08FB-492E-A886-6A3F761EE68D}.R2021|Any CPU.ActiveCfg = R2021|Any CPU
		{80C4C82F-08FB-492E-A886-6A3F761EE68D}.R2022|Any CPU.ActiveCfg = R2022|Any CPU
		{80C4C82F-08FB-492E-A886-6A3F761EE68D}.R2023|Any CPU.ActiveCfg = R2023|Any CPU
		{80C4C82F-08FB-492E-A886-6A3F761EE68D}.R2024|Any CPU.ActiveCfg = R2024|Any CPU
		{755C27F2-16E8-4FBC-9603-FA135AD58496}.R2020|Any CPU.ActiveCfg = R2020|Any CPU
		{755C27F2-16E8-4FBC-9603-FA135AD58496}.R2021|Any CPU.ActiveCfg = R2021|Any CPU
		{755C27F2-16E8-4FBC-9603-FA135AD58496}.R2022|Any CPU.ActiveCfg = R2022|Any CPU
		{755C27F2-16E8-4FBC-9603-FA135AD58496}.R2023|Any CPU.ActiveCfg = R2023|Any CPU
		{755C27F2-16E8-4FBC-9603-FA135AD58496}.R2024|Any CPU.ActiveCfg = R2024|Any CPU
		{4802D003-D157-4D19-A11F-7D015202B2B9}.R2020|Any CPU.ActiveCfg = R2020|Any CPU
		{4802D003-D157-4D19-A11F-7D015202B2B9}.R2021|Any CPU.ActiveCfg = R2021|Any CPU
		{4802D003-D157-4D19-A11F-7D015202B2B9}.R2022|Any CPU.ActiveCfg = R2022|Any CPU
		{4802D003-D157-4D19-A11F-7D015202B2B9}.R2023|Any CPU.ActiveCfg = R2023|Any CPU
		{4802D003-D157-4D19-A11F-7D015202B2B9}.R2024|Any CPU.ActiveCfg = R2024|Any CPU
		{5D628224-FF56-4B1F-85EB-F8F93D49CFBC}.R2020|Any CPU.ActiveCfg = R2020|Any CPU
		{5D628224-FF56-4B1F-85EB-F8F93D49CFBC}.R2021|Any CPU.ActiveCfg = R2021|Any CPU
		{5D628224-FF56-4B1F-85EB-F8F93D49CFBC}.R2022|Any CPU.ActiveCfg = R2022|Any CPU
		{5D628224-FF56-4B1F-85EB-F8F93D49CFBC}.R2023|Any CPU.ActiveCfg = R2023|Any CPU
		{5D628224-FF56-4B1F-85EB-F8F93D49CFBC}.R2024|Any CPU.ActiveCfg = R2024|Any CPU
		{0C6D3F5E-57F6-4EC0-B767-F69343AEB42F}.R2020|Any CPU.ActiveCfg = R2020|Any CPU
		{0C6D3F5E-57F6-4EC0-B767-F69343AEB42F}.R2021|Any CPU.ActiveCfg = R2021|Any CPU
		{0C6D3F5E-57F6-4EC0-B767-F69343AEB42F}.R2022|Any CPU.ActiveCfg = R2022|Any CPU
		{0C6D3F5E-57F6-4EC0-B767-F69343AEB42F}.R2023|Any CPU.ActiveCfg = R2023|Any CPU
		{0C6D3F5E-57F6-4EC0-B767-F69343AEB42F}.R2024|Any CPU.ActiveCfg = R2024|Any CPU
		{83F3CEC4-B681-41C4-A9F1-ED20E8A076D5}.R2020|Any CPU.ActiveCfg = R2020|Any CPU
		{83F3CEC4-B681-41C4-A9F1-ED20E8A076D5}.R2021|Any CPU.ActiveCfg = R2021|Any CPU
		{83F3CEC4-B681-41C4-A9F1-ED20E8A076D5}.R2022|Any CPU.ActiveCfg = R2022|Any CPU
		{83F3CEC4-B681-41C4-A9F1-ED20E8A076D5}.R2023|Any CPU.ActiveCfg = R2023|Any CPU
		{83F3CEC4-B681-41C4-A9F1-ED20E8A076D5}.R2024|Any CPU.ActiveCfg = R2024|Any CPU
		{052F6A27-8F45-4178-962D-CEB1A873BDBC}.R2020|Any CPU.ActiveCfg = R2020|Any CPU
		{052F6A27-8F45-4178-962D-CEB1A873BDBC}.R2021|Any CPU.ActiveCfg = R2021|Any CPU
		{052F6A27-8F45-4178-962D-CEB1A873BDBC}.R2022|Any CPU.ActiveCfg = R2022|Any CPU
		{052F6A27-8F45-4178-962D-CEB1A873BDBC}.R2023|Any CPU.ActiveCfg = R2023|Any CPU
		{052F6A27-8F45-4178-962D-CEB1A873BDBC}.R2024|Any CPU.ActiveCfg = R2024|Any CPU
		{2F66613D-B74F-4159-8FD3-3A2C48C489D8}.R2020|Any CPU.ActiveCfg = R2020|Any CPU
		{2F66613D-B74F-4159-8FD3-3A2C48C489D8}.R2021|Any CPU.ActiveCfg = R2021|Any CPU
		{2F66613D-B74F-4159-8FD3-3A2C48C489D8}.R2022|Any CPU.ActiveCfg = R2022|Any CPU
		{2F66613D-B74F-4159-8FD3-3A2C48C489D8}.R2023|Any CPU.ActiveCfg = R2023|Any CPU
		{2F66613D-B74F-4159-8FD3-3A2C48C489D8}.R2024|Any CPU.ActiveCfg = R2024|Any CPU
		{03865E68-95DD-42E5-889A-99D1B60523A8}.R2020|Any CPU.ActiveCfg = R2020|Any CPU
		{03865E68-95DD-42E5-889A-99D1B60523A8}.R2021|Any CPU.ActiveCfg = R2021|Any CPU
		{03865E68-95DD-42E5-889A-99D1B60523A8}.R2022|Any CPU.ActiveCfg = R2022|Any CPU
		{03865E68-95DD-42E5-889A-99D1B60523A8}.R2023|Any CPU.ActiveCfg = R2023|Any CPU
		{03865E68-95DD-42E5-889A-99D1B60523A8}.R2024|Any CPU.ActiveCfg = R2024|Any CPU
		{BAF44CAA-10D5-49D2-AC11-B95887660791}.R2020|Any CPU.ActiveCfg = R2020|Any CPU
		{BAF44CAA-10D5-49D2-AC11-B95887660791}.R2021|Any CPU.ActiveCfg = R2021|Any CPU
		{BAF44CAA-10D5-49D2-AC11-B95887660791}.R2022|Any CPU.ActiveCfg = R2022|Any CPU
		{BAF44CAA-10D5-49D2-AC11-B95887660791}.R2023|Any CPU.ActiveCfg = R2023|Any CPU
		{BAF44CAA-10D5-49D2-AC11-B95887660791}.R2024|Any CPU.ActiveCfg = R2024|Any CPU
		{DA045129-A703-4620-80C6-26D70BAB5CF6}.R2020|Any CPU.ActiveCfg = R2020|Any CPU
		{DA045129-A703-4620-80C6-26D70BAB5CF6}.R2021|Any CPU.ActiveCfg = R2021|Any CPU
		{DA045129-A703-4620-80C6-26D70BAB5CF6}.R2022|Any CPU.ActiveCfg = R2022|Any CPU
		{DA045129-A703-4620-80C6-26D70BAB5CF6}.R2023|Any CPU.ActiveCfg = R2023|Any CPU
		{DA045129-A703-4620-80C6-26D70BAB5CF6}.R2024|Any CPU.ActiveCfg = R2024|Any CPU
		{9B9B670B-6EF6-4FF8-A301-F4CF7790048B}.R2020|Any CPU.ActiveCfg = R2020|Any CPU
		{9B9B670B-6EF6-4FF8-A301-F4CF7790048B}.R2021|Any CPU.ActiveCfg = R2021|Any CPU
		{9B9B670B-6EF6-4FF8-A301-F4CF7790048B}.R2022|Any CPU.ActiveCfg = R2022|Any CPU
		{9B9B670B-6EF6-4FF8-A301-F4CF7790048B}.R2023|Any CPU.ActiveCfg = R2023|Any CPU
		{9B9B670B-6EF6-4FF8-A301-F4CF7790048B}.R2024|Any CPU.ActiveCfg = R2024|Any CPU
		{97D93E57-AC70-49D7-A792-9B6102A152A1}.R2020|Any CPU.ActiveCfg = R2020|Any CPU
		{97D93E57-AC70-49D7-A792-9B6102A152A1}.R2021|Any CPU.ActiveCfg = R2021|Any CPU
		{97D93E57-AC70-49D7-A792-9B6102A152A1}.R2022|Any CPU.ActiveCfg = R2022|Any CPU
		{97D93E57-AC70-49D7-A792-9B6102A152A1}.R2023|Any CPU.ActiveCfg = R2023|Any CPU
		{97D93E57-AC70-49D7-A792-9B6102A152A1}.R2024|Any CPU.ActiveCfg = R2024|Any CPU
		{EB4995B7-4E3B-4199-B303-359F27A9FEB2}.R2020|Any CPU.ActiveCfg = R2020|Any CPU
		{EB4995B7-4E3B-4199-B303-359F27A9FEB2}.R2020|Any CPU.Build.0 = R2020|Any CPU
		{EB4995B7-4E3B-4199-B303-359F27A9FEB2}.R2021|Any CPU.ActiveCfg = R2021|Any CPU
		{EB4995B7-4E3B-4199-B303-359F27A9FEB2}.R2022|Any CPU.ActiveCfg = R2022|Any CPU
		{EB4995B7-4E3B-4199-B303-359F27A9FEB2}.R2023|Any CPU.ActiveCfg = R2023|Any CPU
		{EB4995B7-4E3B-4199-B303-359F27A9FEB2}.R2024|Any CPU.ActiveCfg = R2024|Any CPU
		{EB4995B7-4E3B-4199-B303-359F27A9FEB2}.R2024|Any CPU.Build.0 = R2024|Any CPU
		{03D368EB-4679-419C-86C3-D7245886A300}.R2020|Any CPU.ActiveCfg = R2020|Any CPU
		{03D368EB-4679-419C-86C3-D7245886A300}.R2021|Any CPU.ActiveCfg = R2021|Any CPU
		{03D368EB-4679-419C-86C3-D7245886A300}.R2022|Any CPU.ActiveCfg = R2022|Any CPU
		{03D368EB-4679-419C-86C3-D7245886A300}.R2023|Any CPU.ActiveCfg = R2023|Any CPU
		{03D368EB-4679-419C-86C3-D7245886A300}.R2024|Any CPU.ActiveCfg = R2024|Any CPU
		{A098AD8B-8129-4152-A8F9-E38C7352ADF2}.R2020|Any CPU.ActiveCfg = R2020|Any CPU
		{A098AD8B-8129-4152-A8F9-E38C7352ADF2}.R2021|Any CPU.ActiveCfg = R2021|Any CPU
		{A098AD8B-8129-4152-A8F9-E38C7352ADF2}.R2022|Any CPU.ActiveCfg = R2022|Any CPU
		{A098AD8B-8129-4152-A8F9-E38C7352ADF2}.R2023|Any CPU.ActiveCfg = R2023|Any CPU
		{A098AD8B-8129-4152-A8F9-E38C7352ADF2}.R2024|Any CPU.ActiveCfg = R2024|Any CPU
		{F99618FA-0232-46CD-9C5E-D07670CD0942}.R2020|Any CPU.ActiveCfg = R2020|Any CPU
		{F99618FA-0232-46CD-9C5E-D07670CD0942}.R2021|Any CPU.ActiveCfg = R2021|Any CPU
		{F99618FA-0232-46CD-9C5E-D07670CD0942}.R2022|Any CPU.ActiveCfg = R2022|Any CPU
		{F99618FA-0232-46CD-9C5E-D07670CD0942}.R2023|Any CPU.ActiveCfg = R2023|Any CPU
		{F99618FA-0232-46CD-9C5E-D07670CD0942}.R2024|Any CPU.ActiveCfg = R2024|Any CPU
		{A292F405-7071-4735-A7D8-22C7B97C5BA9}.R2020|Any CPU.ActiveCfg = R2020|Any CPU
		{A292F405-7071-4735-A7D8-22C7B97C5BA9}.R2021|Any CPU.ActiveCfg = R2021|Any CPU
		{A292F405-7071-4735-A7D8-22C7B97C5BA9}.R2022|Any CPU.ActiveCfg = R2022|Any CPU
		{A292F405-7071-4735-A7D8-22C7B97C5BA9}.R2023|Any CPU.ActiveCfg = R2023|Any CPU
		{A292F405-7071-4735-A7D8-22C7B97C5BA9}.R2024|Any CPU.ActiveCfg = R2024|Any CPU
		{0DDFB5DF-A577-4BA4-B083-6D0D79570FF9}.R2020|Any CPU.ActiveCfg = R2020|Any CPU
		{0DDFB5DF-A577-4BA4-B083-6D0D79570FF9}.R2021|Any CPU.ActiveCfg = R2021|Any CPU
		{0DDFB5DF-A577-4BA4-B083-6D0D79570FF9}.R2022|Any CPU.ActiveCfg = R2022|Any CPU
		{0DDFB5DF-A577-4BA4-B083-6D0D79570FF9}.R2023|Any CPU.ActiveCfg = R2023|Any CPU
		{0DDFB5DF-A577-4BA4-B083-6D0D79570FF9}.R2024|Any CPU.ActiveCfg = R2024|Any CPU
		{0F2EB3A4-36A6-48D7-BA22-A54CC004FD58}.R2020|Any CPU.ActiveCfg = R2020|Any CPU
		{0F2EB3A4-36A6-48D7-BA22-A54CC004FD58}.R2021|Any CPU.ActiveCfg = R2021|Any CPU
		{0F2EB3A4-36A6-48D7-BA22-A54CC004FD58}.R2022|Any CPU.ActiveCfg = R2022|Any CPU
		{0F2EB3A4-36A6-48D7-BA22-A54CC004FD58}.R2023|Any CPU.ActiveCfg = R2023|Any CPU
		{0F2EB3A4-36A6-48D7-BA22-A54CC004FD58}.R2024|Any CPU.ActiveCfg = R2024|Any CPU
		{91B9EBBA-AEDA-4065-A530-8478769D5957}.R2020|Any CPU.ActiveCfg = R2020|Any CPU
		{91B9EBBA-AEDA-4065-A530-8478769D5957}.R2020|Any CPU.Build.0 = R2020|Any CPU
		{91B9EBBA-AEDA-4065-A530-8478769D5957}.R2021|Any CPU.ActiveCfg = R2021|Any CPU
		{91B9EBBA-AEDA-4065-A530-8478769D5957}.R2021|Any CPU.Build.0 = R2021|Any CPU
		{91B9EBBA-AEDA-4065-A530-8478769D5957}.R2022|Any CPU.ActiveCfg = R2022|Any CPU
		{91B9EBBA-AEDA-4065-A530-8478769D5957}.R2022|Any CPU.Build.0 = R2022|Any CPU
		{91B9EBBA-AEDA-4065-A530-8478769D5957}.R2023|Any CPU.ActiveCfg = R2023|Any CPU
		{91B9EBBA-AEDA-4065-A530-8478769D5957}.R2023|Any CPU.Build.0 = R2023|Any CPU
		{91B9EBBA-AEDA-4065-A530-8478769D5957}.R2024|Any CPU.ActiveCfg = R2024|Any CPU
		{91B9EBBA-AEDA-4065-A530-8478769D5957}.R2024|Any CPU.Build.0 = R2024|Any CPU
		{5C44B2EB-1588-4EC8-ABD8-00CBA90920FB}.R2020|Any CPU.ActiveCfg = R2020|Any CPU
		{5C44B2EB-1588-4EC8-ABD8-00CBA90920FB}.R2021|Any CPU.ActiveCfg = R2021|Any CPU
		{5C44B2EB-1588-4EC8-ABD8-00CBA90920FB}.R2022|Any CPU.ActiveCfg = R2022|Any CPU
		{5C44B2EB-1588-4EC8-ABD8-00CBA90920FB}.R2023|Any CPU.ActiveCfg = R2023|Any CPU
		{5C44B2EB-1588-4EC8-ABD8-00CBA90920FB}.R2024|Any CPU.ActiveCfg = R2024|Any CPU
		{85E5A9D1-1E02-47BB-BECB-7CDDB15AA100}.R2020|Any CPU.ActiveCfg = R2020|Any CPU
		{85E5A9D1-1E02-47BB-BECB-7CDDB15AA100}.R2021|Any CPU.ActiveCfg = R2021|Any CPU
		{85E5A9D1-1E02-47BB-BECB-7CDDB15AA100}.R2022|Any CPU.ActiveCfg = R2022|Any CPU
		{85E5A9D1-1E02-47BB-BECB-7CDDB15AA100}.R2023|Any CPU.ActiveCfg = R2023|Any CPU
		{85E5A9D1-1E02-47BB-BECB-7CDDB15AA100}.R2024|Any CPU.ActiveCfg = R2024|Any CPU
		{E8F5E6D4-3F63-4E4A-B163-D9CDBB13B8F4}.R2020|Any CPU.ActiveCfg = R2020|Any CPU
		{E8F5E6D4-3F63-4E4A-B163-D9CDBB13B8F4}.R2021|Any CPU.ActiveCfg = R2021|Any CPU
		{E8F5E6D4-3F63-4E4A-B163-D9CDBB13B8F4}.R2022|Any CPU.ActiveCfg = R2022|Any CPU
		{E8F5E6D4-3F63-4E4A-B163-D9CDBB13B8F4}.R2023|Any CPU.ActiveCfg = R2023|Any CPU
		{E8F5E6D4-3F63-4E4A-B163-D9CDBB13B8F4}.R2024|Any CPU.ActiveCfg = R2024|Any CPU
		{D0CCA889-A462-4EF1-97FF-4888330A21F7}.R2020|Any CPU.ActiveCfg = R2020|Any CPU
		{D0CCA889-A462-4EF1-97FF-4888330A21F7}.R2021|Any CPU.ActiveCfg = R2021|Any CPU
		{D0CCA889-A462-4EF1-97FF-4888330A21F7}.R2022|Any CPU.ActiveCfg = R2022|Any CPU
		{D0CCA889-A462-4EF1-97FF-4888330A21F7}.R2023|Any CPU.ActiveCfg = R2023|Any CPU
		{D0CCA889-A462-4EF1-97FF-4888330A21F7}.R2024|Any CPU.ActiveCfg = R2024|Any CPU
		{81B5D262-14FD-4FEC-AAD6-DBB1D2CB949A}.R2020|Any CPU.ActiveCfg = R2020|Any CPU
		{81B5D262-14FD-4FEC-AAD6-DBB1D2CB949A}.R2021|Any CPU.ActiveCfg = R2021|Any CPU
		{81B5D262-14FD-4FEC-AAD6-DBB1D2CB949A}.R2022|Any CPU.ActiveCfg = R2022|Any CPU
		{81B5D262-14FD-4FEC-AAD6-DBB1D2CB949A}.R2023|Any CPU.ActiveCfg = R2023|Any CPU
		{81B5D262-14FD-4FEC-AAD6-DBB1D2CB949A}.R2024|Any CPU.ActiveCfg = R2024|Any CPU
		{629C402F-787B-454F-B8E0-309E9D934810}.R2020|Any CPU.ActiveCfg = R2020|Any CPU
		{629C402F-787B-454F-B8E0-309E9D934810}.R2021|Any CPU.ActiveCfg = R2021|Any CPU
		{629C402F-787B-454F-B8E0-309E9D934810}.R2022|Any CPU.ActiveCfg = R2022|Any CPU
		{629C402F-787B-454F-B8E0-309E9D934810}.R2023|Any CPU.ActiveCfg = R2023|Any CPU
		{629C402F-787B-454F-B8E0-309E9D934810}.R2024|Any CPU.ActiveCfg = R2024|Any CPU
		{06C7D028-A939-4845-B6B0-ACE5E1E5A5DA}.R2020|Any CPU.ActiveCfg = R2020|Any CPU
		{06C7D028-A939-4845-B6B0-ACE5E1E5A5DA}.R2021|Any CPU.ActiveCfg = R2021|Any CPU
		{06C7D028-A939-4845-B6B0-ACE5E1E5A5DA}.R2022|Any CPU.ActiveCfg = R2022|Any CPU
		{06C7D028-A939-4845-B6B0-ACE5E1E5A5DA}.R2023|Any CPU.ActiveCfg = R2023|Any CPU
		{06C7D028-A939-4845-B6B0-ACE5E1E5A5DA}.R2024|Any CPU.ActiveCfg = R2024|Any CPU
		{1B48053A-C936-470B-92EC-AF1CC282E872}.R2020|Any CPU.ActiveCfg = R2020|Any CPU
		{1B48053A-C936-470B-92EC-AF1CC282E872}.R2021|Any CPU.ActiveCfg = R2021|Any CPU
		{1B48053A-C936-470B-92EC-AF1CC282E872}.R2022|Any CPU.ActiveCfg = R2022|Any CPU
		{1B48053A-C936-470B-92EC-AF1CC282E872}.R2023|Any CPU.ActiveCfg = R2023|Any CPU
		{1B48053A-C936-470B-92EC-AF1CC282E872}.R2023|Any CPU.Build.0 = R2023|Any CPU
		{1B48053A-C936-470B-92EC-AF1CC282E872}.R2024|Any CPU.ActiveCfg = R2024|Any CPU
		{1B48053A-C936-470B-92EC-AF1CC282E872}.R2024|Any CPU.Build.0 = R2024|Any CPU
		{BB4D8EA8-CA89-4B27-955E-ACD050203B39}.R2020|Any CPU.ActiveCfg = Release|Any CPU
		{BB4D8EA8-CA89-4B27-955E-ACD050203B39}.R2021|Any CPU.ActiveCfg = Debug|Any CPU
		{BB4D8EA8-CA89-4B27-955E-ACD050203B39}.R2022|Any CPU.ActiveCfg = Debug|Any CPU
		{BB4D8EA8-CA89-4B27-955E-ACD050203B39}.R2023|Any CPU.ActiveCfg = Debug|Any CPU
		{BB4D8EA8-CA89-4B27-955E-ACD050203B39}.R2024|Any CPU.ActiveCfg = Debug|Any CPU
		{B44E54E5-A226-4D43-BB84-C8CB1F075111}.R2020|Any CPU.ActiveCfg = Release|Any CPU
		{B44E54E5-A226-4D43-BB84-C8CB1F075111}.R2021|Any CPU.ActiveCfg = Debug|Any CPU
		{B44E54E5-A226-4D43-BB84-C8CB1F075111}.R2022|Any CPU.ActiveCfg = Debug|Any CPU
		{B44E54E5-A226-4D43-BB84-C8CB1F075111}.R2023|Any CPU.ActiveCfg = Debug|Any CPU
		{B44E54E5-A226-4D43-BB84-C8CB1F075111}.R2024|Any CPU.ActiveCfg = Debug|Any CPU
		{BF630196-7F61-49DE-8062-CBE6F78CC204}.R2020|Any CPU.ActiveCfg = R2020|Any CPU
		{BF630196-7F61-49DE-8062-CBE6F78CC204}.R2021|Any CPU.ActiveCfg = R2021|Any CPU
		{BF630196-7F61-49DE-8062-CBE6F78CC204}.R2022|Any CPU.ActiveCfg = R2022|Any CPU
		{BF630196-7F61-49DE-8062-CBE6F78CC204}.R2023|Any CPU.ActiveCfg = R2023|Any CPU
		{BF630196-7F61-49DE-8062-CBE6F78CC204}.R2024|Any CPU.ActiveCfg = R2024|Any CPU
		{DACACF50-FCB7-4350-9C44-7F83D8BF3828}.R2020|Any CPU.ActiveCfg = R2020|Any CPU
		{DACACF50-FCB7-4350-9C44-7F83D8BF3828}.R2021|Any CPU.ActiveCfg = R2021|Any CPU
		{DACACF50-FCB7-4350-9C44-7F83D8BF3828}.R2021|Any CPU.Build.0 = R2021|Any CPU
		{DACACF50-FCB7-4350-9C44-7F83D8BF3828}.R2022|Any CPU.ActiveCfg = R2022|Any CPU
		{DACACF50-FCB7-4350-9C44-7F83D8BF3828}.R2022|Any CPU.Build.0 = R2022|Any CPU
		{DACACF50-FCB7-4350-9C44-7F83D8BF3828}.R2023|Any CPU.ActiveCfg = R2023|Any CPU
		{DACACF50-FCB7-4350-9C44-7F83D8BF3828}.R2023|Any CPU.Build.0 = R2023|Any CPU
		{DACACF50-FCB7-4350-9C44-7F83D8BF3828}.R2024|Any CPU.ActiveCfg = R2024|Any CPU
		{DACACF50-FCB7-4350-9C44-7F83D8BF3828}.R2024|Any CPU.Build.0 = R2024|Any CPU
		{B558ABB2-FE4B-4C53-8ED3-FF02A9BE5E42}.R2020|Any CPU.ActiveCfg = R2020|Any CPU
		{B558ABB2-FE4B-4C53-8ED3-FF02A9BE5E42}.R2021|Any CPU.ActiveCfg = R2021|Any CPU
		{B558ABB2-FE4B-4C53-8ED3-FF02A9BE5E42}.R2021|Any CPU.Build.0 = R2021|Any CPU
		{B558ABB2-FE4B-4C53-8ED3-FF02A9BE5E42}.R2022|Any CPU.ActiveCfg = R2022|Any CPU
		{B558ABB2-FE4B-4C53-8ED3-FF02A9BE5E42}.R2022|Any CPU.Build.0 = R2022|Any CPU
		{B558ABB2-FE4B-4C53-8ED3-FF02A9BE5E42}.R2023|Any CPU.ActiveCfg = R2023|Any CPU
		{B558ABB2-FE4B-4C53-8ED3-FF02A9BE5E42}.R2023|Any CPU.Build.0 = R2023|Any CPU
		{B558ABB2-FE4B-4C53-8ED3-FF02A9BE5E42}.R2024|Any CPU.ActiveCfg = R2024|Any CPU
		{B558ABB2-FE4B-4C53-8ED3-FF02A9BE5E42}.R2024|Any CPU.Build.0 = R2024|Any CPU
		{CC368EBA-1952-49B5-836E-35585CFA437C}.R2020|Any CPU.ActiveCfg = Debug|Any CPU
		{CC368EBA-1952-49B5-836E-35585CFA437C}.R2020|Any CPU.Build.0 = Debug|Any CPU
		{CC368EBA-1952-49B5-836E-35585CFA437C}.R2021|Any CPU.ActiveCfg = Debug|Any CPU
		{CC368EBA-1952-49B5-836E-35585CFA437C}.R2021|Any CPU.Build.0 = Debug|Any CPU
		{CC368EBA-1952-49B5-836E-35585CFA437C}.R2022|Any CPU.ActiveCfg = Debug|Any CPU
		{CC368EBA-1952-49B5-836E-35585CFA437C}.R2022|Any CPU.Build.0 = Debug|Any CPU
		{CC368EBA-1952-49B5-836E-35585CFA437C}.R2023|Any CPU.ActiveCfg = Debug|Any CPU
		{CC368EBA-1952-49B5-836E-35585CFA437C}.R2023|Any CPU.Build.0 = Debug|Any CPU
		{CC368EBA-1952-49B5-836E-35585CFA437C}.R2024|Any CPU.ActiveCfg = Debug|Any CPU
		{CC368EBA-1952-49B5-836E-35585CFA437C}.R2024|Any CPU.Build.0 = Debug|Any CPU
	EndGlobalSection
	GlobalSection(SolutionProperties) = preSolution
		HideSolutionNode = FALSE
	EndGlobalSection
	GlobalSection(ExtensibilityGlobals) = postSolution
		SolutionGuid = {D3E17CDE-91C8-4A8B-8BF6-41F0AF979899}
	EndGlobalSection
EndGlobal
